
Microsoft Visual Studio Solution File, Format Version 12.00
Project("{2150E333-8FDC-42A3-9474-1A3956D46DE8}") = "Documentation", "Documentation", "{29D539E0-32E9-416F-B2A9-283B1442C5AF}"
EndProject
Project("{FAE04EC0-301F-11D3-BF4B-00C04F79EFBC}") = "Assignment1", "Documentation\Assignment1\Assignment1.csproj", "{6BE1B608-1785-4F7C-9CC8-6A8F6B4A3F9B}"
EndProject
Project("{2150E333-8FDC-42A3-9474-1A3956D46DE8}") = "src", "src", "{F4056225-51FF-4A1E-B6C3-2EC1B6D45DE6}"
EndProject
Project("{2150E333-8FDC-42A3-9474-1A3956D46DE8}") = "Core", "Core", "{0E175E40-272A-486C-8291-91A6B7A0CD38}"
EndProject
Project("{2150E333-8FDC-42A3-9474-1A3956D46DE8}") = "Tools", "Tools", "{AB532DDA-8B42-4C72-B456-A7A62F19C7A6}"
EndProject
Project("{FAE04EC0-301F-11D3-BF4B-00C04F79EFBC}") = "DCA_ASSIGNMENT.Core.Tools.OperationResult", "src\Core\Tools\DCA_ASSIGNMENT.Core.Tools.OperationResult\DCA_ASSIGNMENT.Core.Tools.OperationResult.csproj", "{3CB7871F-2A3F-4628-9625-12EF54949DC1}"
EndProject
Project("{2150E333-8FDC-42A3-9474-1A3956D46DE8}") = "Tests", "Tests", "{AF5D6AF4-732D-44AE-9B81-5A890E18A945}"
EndProject
Project("{FAE04EC0-301F-11D3-BF4B-00C04F79EFBC}") = "UnitTests", "Tests\UnitTests\UnitTests.csproj", "{BD0F100E-B8EF-4993-A9F1-B3A2BAD652A0}"
EndProject
Project("{FAE04EC0-301F-11D3-BF4B-00C04F79EFBC}") = "Assignment4", "Documentation\Assignment4\Assignment4.csproj", "{C290834E-91B4-4BAD-B8AC-423C34378021}"
EndProject
Project("{FAE04EC0-301F-11D3-BF4B-00C04F79EFBC}") = "DCA_ASSIGNMENT.Core.Domain", "src\Core\DCA_ASSIGNMENT.Core.Domain\DCA_ASSIGNMENT.Core.Domain.csproj", "{4FEA5FDF-2B74-4D49-B9B5-A11FD0332C1F}"
EndProject
Project("{FAE04EC0-301F-11D3-BF4B-00C04F79EFBC}") = "ViaEventAssociation.Core.Application", "src\Core\ViaEventAssociation.Core.Application\ViaEventAssociation.Core.Application.csproj", "{8683265B-A3DC-4AE3-8440-E283753B345B}"
EndProject
Project("{FAE04EC0-301F-11D3-BF4B-00C04F79EFBC}") = "Context", "Context\Context.csproj", "{21B87486-6868-4A80-9399-5F49CCC15CFB}"
EndProject
Project("{FAE04EC0-301F-11D3-BF4B-00C04F79EFBC}") = "Assignment5", "Documentation\Assignment5\Assignment5.csproj", "{D1B81F6A-792E-4D58-9A9B-0F8D80E7DAB8}"
EndProject
Project("{FAE04EC0-301F-11D3-BF4B-00C04F79EFBC}") = "Assignment6", "Documentation\Assignment6\Assignment6.csproj", "{7235268B-F975-4923-9746-6273F724C396}"
EndProject
Global
	GlobalSection(SolutionConfigurationPlatforms) = preSolution
		Debug|Any CPU = Debug|Any CPU
		Release|Any CPU = Release|Any CPU
	EndGlobalSection
	GlobalSection(NestedProjects) = preSolution
		{6BE1B608-1785-4F7C-9CC8-6A8F6B4A3F9B} = {29D539E0-32E9-416F-B2A9-283B1442C5AF}
		{0E175E40-272A-486C-8291-91A6B7A0CD38} = {F4056225-51FF-4A1E-B6C3-2EC1B6D45DE6}
		{AB532DDA-8B42-4C72-B456-A7A62F19C7A6} = {0E175E40-272A-486C-8291-91A6B7A0CD38}
		{3CB7871F-2A3F-4628-9625-12EF54949DC1} = {AB532DDA-8B42-4C72-B456-A7A62F19C7A6}
		{BD0F100E-B8EF-4993-A9F1-B3A2BAD652A0} = {AF5D6AF4-732D-44AE-9B81-5A890E18A945}
		{C290834E-91B4-4BAD-B8AC-423C34378021} = {29D539E0-32E9-416F-B2A9-283B1442C5AF}
		{4FEA5FDF-2B74-4D49-B9B5-A11FD0332C1F} = {0E175E40-272A-486C-8291-91A6B7A0CD38}
		{8683265B-A3DC-4AE3-8440-E283753B345B} = {0E175E40-272A-486C-8291-91A6B7A0CD38}
		{D1B81F6A-792E-4D58-9A9B-0F8D80E7DAB8} = {29D539E0-32E9-416F-B2A9-283B1442C5AF}
		{7235268B-F975-4923-9746-6273F724C396} = {29D539E0-32E9-416F-B2A9-283B1442C5AF}
	EndGlobalSection
	GlobalSection(ProjectConfigurationPlatforms) = postSolution
		{6BE1B608-1785-4F7C-9CC8-6A8F6B4A3F9B}.Debug|Any CPU.ActiveCfg = Debug|Any CPU
		{6BE1B608-1785-4F7C-9CC8-6A8F6B4A3F9B}.Debug|Any CPU.Build.0 = Debug|Any CPU
		{6BE1B608-1785-4F7C-9CC8-6A8F6B4A3F9B}.Release|Any CPU.ActiveCfg = Release|Any CPU
		{6BE1B608-1785-4F7C-9CC8-6A8F6B4A3F9B}.Release|Any CPU.Build.0 = Release|Any CPU
		{3CB7871F-2A3F-4628-9625-12EF54949DC1}.Debug|Any CPU.ActiveCfg = Debug|Any CPU
		{3CB7871F-2A3F-4628-9625-12EF54949DC1}.Debug|Any CPU.Build.0 = Debug|Any CPU
		{3CB7871F-2A3F-4628-9625-12EF54949DC1}.Release|Any CPU.ActiveCfg = Release|Any CPU
		{3CB7871F-2A3F-4628-9625-12EF54949DC1}.Release|Any CPU.Build.0 = Release|Any CPU
		{BD0F100E-B8EF-4993-A9F1-B3A2BAD652A0}.Debug|Any CPU.ActiveCfg = Debug|Any CPU
		{BD0F100E-B8EF-4993-A9F1-B3A2BAD652A0}.Debug|Any CPU.Build.0 = Debug|Any CPU
		{BD0F100E-B8EF-4993-A9F1-B3A2BAD652A0}.Release|Any CPU.ActiveCfg = Release|Any CPU
		{BD0F100E-B8EF-4993-A9F1-B3A2BAD652A0}.Release|Any CPU.Build.0 = Release|Any CPU
		{C290834E-91B4-4BAD-B8AC-423C34378021}.Debug|Any CPU.ActiveCfg = Debug|Any CPU
		{C290834E-91B4-4BAD-B8AC-423C34378021}.Debug|Any CPU.Build.0 = Debug|Any CPU
		{C290834E-91B4-4BAD-B8AC-423C34378021}.Release|Any CPU.ActiveCfg = Release|Any CPU
		{C290834E-91B4-4BAD-B8AC-423C34378021}.Release|Any CPU.Build.0 = Release|Any CPU
		{4FEA5FDF-2B74-4D49-B9B5-A11FD0332C1F}.Debug|Any CPU.ActiveCfg = Debug|Any CPU
		{4FEA5FDF-2B74-4D49-B9B5-A11FD0332C1F}.Debug|Any CPU.Build.0 = Debug|Any CPU
		{4FEA5FDF-2B74-4D49-B9B5-A11FD0332C1F}.Release|Any CPU.ActiveCfg = Release|Any CPU
		{4FEA5FDF-2B74-4D49-B9B5-A11FD0332C1F}.Release|Any CPU.Build.0 = Release|Any CPU
		{8683265B-A3DC-4AE3-8440-E283753B345B}.Debug|Any CPU.ActiveCfg = Debug|Any CPU
		{8683265B-A3DC-4AE3-8440-E283753B345B}.Debug|Any CPU.Build.0 = Debug|Any CPU
		{8683265B-A3DC-4AE3-8440-E283753B345B}.Release|Any CPU.ActiveCfg = Release|Any CPU
		{8683265B-A3DC-4AE3-8440-E283753B345B}.Release|Any CPU.Build.0 = Release|Any CPU
		{21B87486-6868-4A80-9399-5F49CCC15CFB}.Debug|Any CPU.ActiveCfg = Debug|Any CPU
		{21B87486-6868-4A80-9399-5F49CCC15CFB}.Debug|Any CPU.Build.0 = Debug|Any CPU
		{21B87486-6868-4A80-9399-5F49CCC15CFB}.Release|Any CPU.ActiveCfg = Release|Any CPU
		{21B87486-6868-4A80-9399-5F49CCC15CFB}.Release|Any CPU.Build.0 = Release|Any CPU
		{D1B81F6A-792E-4D58-9A9B-0F8D80E7DAB8}.Debug|Any CPU.ActiveCfg = Debug|Any CPU
		{D1B81F6A-792E-4D58-9A9B-0F8D80E7DAB8}.Debug|Any CPU.Build.0 = Debug|Any CPU
		{D1B81F6A-792E-4D58-9A9B-0F8D80E7DAB8}.Release|Any CPU.ActiveCfg = Release|Any CPU
		{D1B81F6A-792E-4D58-9A9B-0F8D80E7DAB8}.Release|Any CPU.Build.0 = Release|Any CPU
		{7235268B-F975-4923-9746-6273F724C396}.Debug|Any CPU.ActiveCfg = Debug|Any CPU
		{7235268B-F975-4923-9746-6273F724C396}.Debug|Any CPU.Build.0 = Debug|Any CPU
		{7235268B-F975-4923-9746-6273F724C396}.Release|Any CPU.ActiveCfg = Release|Any CPU
		{7235268B-F975-4923-9746-6273F724C396}.Release|Any CPU.Build.0 = Release|Any CPU
	EndGlobalSection
EndGlobal
